
Microsoft Visual Studio Solution File, Format Version 12.00
# Visual Studio 15
VisualStudioVersion = 15.0.27703.2026
MinimumVisualStudioVersion = 10.0.40219.1
Project("{FAE04EC0-301F-11D3-BF4B-00C04F79EFBC}") = "Lab3", "Lab3\Lab3.csproj", "{B93D8326-ADB1-4E0D-9E89-71CA1CFC57EB}"
EndProject
Global
	GlobalSection(SolutionConfigurationPlatforms) = preSolution
		Debug|Any CPU = Debug|Any CPU
		Release|Any CPU = Release|Any CPU
	EndGlobalSection
	GlobalSection(ProjectConfigurationPlatforms) = postSolution
		{B93D8326-ADB1-4E0D-9E89-71CA1CFC57EB}.Debug|Any CPU.ActiveCfg = Debug|Any CPU
		{B93D8326-ADB1-4E0D-9E89-71CA1CFC57EB}.Debug|Any CPU.Build.0 = Debug|Any CPU
		{B93D8326-ADB1-4E0D-9E89-71CA1CFC57EB}.Release|Any CPU.ActiveCfg = Release|Any CPU
		{B93D8326-ADB1-4E0D-9E89-71CA1CFC57EB}.Release|Any CPU.Build.0 = Release|Any CPU
	EndGlobalSection
	GlobalSection(SolutionProperties) = preSolution
		HideSolutionNode = FALSE
	EndGlobalSection
	GlobalSection(ExtensibilityGlobals) = postSolution
		SolutionGuid = {B8AA3F4B-990C-4FBE-AC7C-AD17FEFDF900}
	EndGlobalSection
EndGlobal
